
Microsoft Visual Studio Solution File, Format Version 12.00
# Visual Studio Version 17
VisualStudioVersion = 17.3.32922.545
MinimumVisualStudioVersion = 10.0.40219.1
Project("{FAE04EC0-301F-11D3-BF4B-00C04F79EFBC}") = "BankingSystem_API", "BankingSystem_API\BankingSystem_API.csproj", "{1A58A697-CB09-464C-BC40-E9525DB8D382}"
EndProject
Global
	GlobalSection(SolutionConfigurationPlatforms) = preSolution
		Debug|Any CPU = Debug|Any CPU
		Release|Any CPU = Release|Any CPU
	EndGlobalSection
	GlobalSection(ProjectConfigurationPlatforms) = postSolution
		{1A58A697-CB09-464C-BC40-E9525DB8D382}.Debug|Any CPU.ActiveCfg = Debug|Any CPU
		{1A58A697-CB09-464C-BC40-E9525DB8D382}.Debug|Any CPU.Build.0 = Debug|Any CPU
		{1A58A697-CB09-464C-BC40-E9525DB8D382}.Release|Any CPU.ActiveCfg = Release|Any CPU
		{1A58A697-CB09-464C-BC40-E9525DB8D382}.Release|Any CPU.Build.0 = Release|Any CPU
	EndGlobalSection
	GlobalSection(SolutionProperties) = preSolution
		HideSolutionNode = FALSE
	EndGlobalSection
	GlobalSection(ExtensibilityGlobals) = postSolution
		SolutionGuid = {23BCD53C-7283-4F1A-87D5-E475832F946F}
	EndGlobalSection
EndGlobal
